
Microsoft Visual Studio Solution File, Format Version 9.00
# Visual Studio 2005
Project("{FAE04EC0-301F-11D3-BF4B-00C04F79EFBC}") = "Image Serializer", "..\Mark Three Software\Image Serializer\Image Serializer.csproj", "{59985FEF-D9C6-4FDD-8BE7-23711B0E63F6}"
EndProject
Global
	GlobalSection(SolutionConfigurationPlatforms) = preSolution
		Debug|Any CPU = Debug|Any CPU
		Release|Any CPU = Release|Any CPU
	EndGlobalSection
	GlobalSection(ProjectConfigurationPlatforms) = postSolution
		{59985FEF-D9C6-4FDD-8BE7-23711B0E63F6}.Debug|Any CPU.ActiveCfg = Debug|Any CPU
		{59985FEF-D9C6-4FDD-8BE7-23711B0E63F6}.Debug|Any CPU.Build.0 = Debug|Any CPU
		{59985FEF-D9C6-4FDD-8BE7-23711B0E63F6}.Release|Any CPU.ActiveCfg = Release|Any CPU
		{59985FEF-D9C6-4FDD-8BE7-23711B0E63F6}.Release|Any CPU.Build.0 = Release|Any CPU
	EndGlobalSection
	GlobalSection(SolutionProperties) = preSolution
		HideSolutionNode = FALSE
	EndGlobalSection
EndGlobal
